
Microsoft Visual Studio Solution File, Format Version 12.00
# Visual Studio Version 16
VisualStudioVersion = 16.0.29503.13
MinimumVisualStudioVersion = 10.0.40219.1
Project("{FAE04EC0-301F-11D3-BF4B-00C04F79EFBC}") = "Matrix", "Matrix\Matrix.csproj", "{8E6A39AF-ABDD-4847-B200-814D9A4AABB3}"
EndProject
Global
	GlobalSection(SolutionConfigurationPlatforms) = preSolution
		Debug|Any CPU = Debug|Any CPU
		Release|Any CPU = Release|Any CPU
	EndGlobalSection
	GlobalSection(ProjectConfigurationPlatforms) = postSolution
		{8E6A39AF-ABDD-4847-B200-814D9A4AABB3}.Debug|Any CPU.ActiveCfg = Debug|Any CPU
		{8E6A39AF-ABDD-4847-B200-814D9A4AABB3}.Debug|Any CPU.Build.0 = Debug|Any CPU
		{8E6A39AF-ABDD-4847-B200-814D9A4AABB3}.Release|Any CPU.ActiveCfg = Release|Any CPU
		{8E6A39AF-ABDD-4847-B200-814D9A4AABB3}.Release|Any CPU.Build.0 = Release|Any CPU
	EndGlobalSection
	GlobalSection(SolutionProperties) = preSolution
		HideSolutionNode = FALSE
	EndGlobalSection
	GlobalSection(ExtensibilityGlobals) = postSolution
		SolutionGuid = {784EB59C-3900-40C3-8BA6-3E8AA6D3F848}
	EndGlobalSection
EndGlobal
